<?xml version="1.0" encoding="utf-8"?>
<Project ToolsVersion="4.0" xmlns="http://schemas.microsoft.com/developer/msbuild/2003">
  <ItemGroup>
    <ClCompile Include="..\src\demo_opengl.cpp" />
    <ClCompile Include="..\src\gl3w.c" />
  </ItemGroup>
  <ItemGroup>
    <ClInclude Include="..\src\gl3w.h" />
    <ClInclude Include="..\src\glcorearb.h" />
    <ClInclude Include="..\src\khrplatform.h" />
  </ItemGroup>
</Project>